
Microsoft Visual Studio Solution File, Format Version 12.00
# Visual Studio Version 16
VisualStudioVersion = 16.0.30114.105
MinimumVisualStudioVersion = 16.0.30114.105
Project("{9A19103F-16F7-4668-BE54-9A1E7A4F7556}") = "FunctionApp", "FunctionApp\FunctionApp.csproj", "{9796C48D-BD4E-4C3E-BB76-BE10349B50DA}"
EndProject
Global
	GlobalSection(SolutionConfigurationPlatforms) = preSolution
		Debug|Any CPU = Debug|Any CPU
		Release|Any CPU = Release|Any CPU
	EndGlobalSection
	GlobalSection(ProjectConfigurationPlatforms) = postSolution
		{9796C48D-BD4E-4C3E-BB76-BE10349B50DA}.Debug|Any CPU.ActiveCfg = Debug|Any CPU
		{9796C48D-BD4E-4C3E-BB76-BE10349B50DA}.Debug|Any CPU.Build.0 = Debug|Any CPU
		{9796C48D-BD4E-4C3E-BB76-BE10349B50DA}.Release|Any CPU.ActiveCfg = Release|Any CPU
		{9796C48D-BD4E-4C3E-BB76-BE10349B50DA}.Release|Any CPU.Build.0 = Release|Any CPU
	EndGlobalSection
	GlobalSection(SolutionProperties) = preSolution
		HideSolutionNode = FALSE
	EndGlobalSection
	GlobalSection(ExtensibilityGlobals) = postSolution
		SolutionGuid = {1A438FFF-3E75-4E11-BD2A-7FEF09BCDAAA}
	EndGlobalSection
EndGlobal
